{
    "version": 3,
    "terraform_version": "0.11.13",
    "serial": 2,
    "lineage": "2e233cc6-14ff-74c4-4ccf-3cee8ec007b7",
    "modules": [
        {
            "path": [
                "root"
            ],
            "outputs": {},
            "resources": {
                "aws_vpc.myvpc": {
                    "type": "aws_vpc",
                    "depends_on": [],
                    "primary": {
                        "id": "vpc-08819e15f4ab48ee5",
                        "attributes": {
                            "arn": "arn:aws:ec2:us-east-1:556449534934:vpc/vpc-08819e15f4ab48ee5",
                            "assign_generated_ipv6_cidr_block": "false",
                            "cidr_block": "10.0.0.0/16",
                            "default_network_acl_id": "acl-08408dea26e503caa",
                            "default_route_table_id": "rtb-041754cb2ab917227",
                            "default_security_group_id": "sg-064295867bd012f34",
                            "dhcp_options_id": "dopt-fb00d081",
                            "enable_classiclink": "false",
                            "enable_classiclink_dns_support": "false",
                            "enable_dns_hostnames": "false",
                            "enable_dns_support": "true",
                            "id": "vpc-08819e15f4ab48ee5",
                            "instance_tenancy": "default",
                            "ipv6_association_id": "",
                            "ipv6_cidr_block": "",
                            "main_route_table_id": "rtb-041754cb2ab917227",
                            "owner_id": "556449534934",
                            "tags.%": "1",
                            "tags.Name": "Esraa VPC"
                        },
                        "meta": {
                            "schema_version": "1"
                        },
                        "tainted": false
                    },
                    "deposed": [],
                    "provider": "provider.aws"
                }
            },
            "depends_on": []
        }
    ]
}
